
Microsoft Visual Studio Solution File, Format Version 12.00
# Visual Studio 15
VisualStudioVersion = 15.0.27130.2024
MinimumVisualStudioVersion = 10.0.40219.1
Project("{9A19103F-16F7-4668-BE54-9A1E7A4F7556}") = "Wikiled.MachineLearning", "Wikiled.MachineLearning\Wikiled.MachineLearning.csproj", "{F02D69BE-A77B-48DF-8DD7-697458794F93}"
EndProject
Project("{9A19103F-16F7-4668-BE54-9A1E7A4F7556}") = "Wikiled.MachineLearning.Tests", "Wikiled.MachineLearning.Tests\Wikiled.MachineLearning.Tests.csproj", "{314A8BFE-8DE4-4D03-9D08-C9D8438B104A}"
EndProject
Project("{9A19103F-16F7-4668-BE54-9A1E7A4F7556}") = "Alglib2", "alglib2\Alglib2.csproj", "{0FFD3504-AE68-4AFF-8E44-5D0906B8FE70}"
EndProject
Global
	GlobalSection(SolutionConfigurationPlatforms) = preSolution
		Debug|Any CPU = Debug|Any CPU
		Debug|x64 = Debug|x64
		Debug|x86 = Debug|x86
		Release|Any CPU = Release|Any CPU
		Release|x64 = Release|x64
		Release|x86 = Release|x86
	EndGlobalSection
	GlobalSection(ProjectConfigurationPlatforms) = postSolution
		{F02D69BE-A77B-48DF-8DD7-697458794F93}.Debug|Any CPU.ActiveCfg = Debug|Any CPU
		{F02D69BE-A77B-48DF-8DD7-697458794F93}.Debug|Any CPU.Build.0 = Debug|Any CPU
		{F02D69BE-A77B-48DF-8DD7-697458794F93}.Debug|x64.ActiveCfg = Debug|Any CPU
		{F02D69BE-A77B-48DF-8DD7-697458794F93}.Debug|x64.Build.0 = Debug|Any CPU
		{F02D69BE-A77B-48DF-8DD7-697458794F93}.Debug|x86.ActiveCfg = Debug|Any CPU
		{F02D69BE-A77B-48DF-8DD7-697458794F93}.Debug|x86.Build.0 = Debug|Any CPU
		{F02D69BE-A77B-48DF-8DD7-697458794F93}.Release|Any CPU.ActiveCfg = Release|Any CPU
		{F02D69BE-A77B-48DF-8DD7-697458794F93}.Release|Any CPU.Build.0 = Release|Any CPU
		{F02D69BE-A77B-48DF-8DD7-697458794F93}.Release|x64.ActiveCfg = Release|Any CPU
		{F02D69BE-A77B-48DF-8DD7-697458794F93}.Release|x64.Build.0 = Release|Any CPU
		{F02D69BE-A77B-48DF-8DD7-697458794F93}.Release|x86.ActiveCfg = Release|Any CPU
		{F02D69BE-A77B-48DF-8DD7-697458794F93}.Release|x86.Build.0 = Release|Any CPU
		{314A8BFE-8DE4-4D03-9D08-C9D8438B104A}.Debug|Any CPU.ActiveCfg = Debug|Any CPU
		{314A8BFE-8DE4-4D03-9D08-C9D8438B104A}.Debug|Any CPU.Build.0 = Debug|Any CPU
		{314A8BFE-8DE4-4D03-9D08-C9D8438B104A}.Debug|x64.ActiveCfg = Debug|Any CPU
		{314A8BFE-8DE4-4D03-9D08-C9D8438B104A}.Debug|x64.Build.0 = Debug|Any CPU
		{314A8BFE-8DE4-4D03-9D08-C9D8438B104A}.Debug|x86.ActiveCfg = Debug|Any CPU
		{314A8BFE-8DE4-4D03-9D08-C9D8438B104A}.Debug|x86.Build.0 = Debug|Any CPU
		{314A8BFE-8DE4-4D03-9D08-C9D8438B104A}.Release|Any CPU.ActiveCfg = Release|Any CPU
		{314A8BFE-8DE4-4D03-9D08-C9D8438B104A}.Release|Any CPU.Build.0 = Release|Any CPU
		{314A8BFE-8DE4-4D03-9D08-C9D8438B104A}.Release|x64.ActiveCfg = Release|Any CPU
		{314A8BFE-8DE4-4D03-9D08-C9D8438B104A}.Release|x64.Build.0 = Release|Any CPU
		{314A8BFE-8DE4-4D03-9D08-C9D8438B104A}.Release|x86.ActiveCfg = Release|Any CPU
		{314A8BFE-8DE4-4D03-9D08-C9D8438B104A}.Release|x86.Build.0 = Release|Any CPU
		{0FFD3504-AE68-4AFF-8E44-5D0906B8FE70}.Debug|Any CPU.ActiveCfg = Debug|Any CPU
		{0FFD3504-AE68-4AFF-8E44-5D0906B8FE70}.Debug|Any CPU.Build.0 = Debug|Any CPU
		{0FFD3504-AE68-4AFF-8E44-5D0906B8FE70}.Debug|x64.ActiveCfg = Debug|Any CPU
		{0FFD3504-AE68-4AFF-8E44-5D0906B8FE70}.Debug|x64.Build.0 = Debug|Any CPU
		{0FFD3504-AE68-4AFF-8E44-5D0906B8FE70}.Debug|x86.ActiveCfg = Debug|Any CPU
		{0FFD3504-AE68-4AFF-8E44-5D0906B8FE70}.Debug|x86.Build.0 = Debug|Any CPU
		{0FFD3504-AE68-4AFF-8E44-5D0906B8FE70}.Release|Any CPU.ActiveCfg = Release|Any CPU
		{0FFD3504-AE68-4AFF-8E44-5D0906B8FE70}.Release|Any CPU.Build.0 = Release|Any CPU
		{0FFD3504-AE68-4AFF-8E44-5D0906B8FE70}.Release|x64.ActiveCfg = Release|Any CPU
		{0FFD3504-AE68-4AFF-8E44-5D0906B8FE70}.Release|x64.Build.0 = Release|Any CPU
		{0FFD3504-AE68-4AFF-8E44-5D0906B8FE70}.Release|x86.ActiveCfg = Release|Any CPU
		{0FFD3504-AE68-4AFF-8E44-5D0906B8FE70}.Release|x86.Build.0 = Release|Any CPU
	EndGlobalSection
	GlobalSection(SolutionProperties) = preSolution
		HideSolutionNode = FALSE
	EndGlobalSection
	GlobalSection(ExtensibilityGlobals) = postSolution
		SolutionGuid = {D9BE2E66-A1E9-4E68-BBF9-F85B5001A4F8}
	EndGlobalSection
EndGlobal
